
Microsoft Visual Studio Solution File, Format Version 12.00
# Visual Studio Version 16
VisualStudioVersion = 16.0.31112.23
MinimumVisualStudioVersion = 10.0.40219.1
Project("{A07B5EB6-E848-4116-A8D0-A826331D98C6}") = "LoadFlowApplication", "LoadFlowApplication\LoadFlowApplication.sfproj", "{CC21752D-303D-44BF-9E8F-AB875A4FA620}"
EndProject
Project("{FAE04EC0-301F-11D3-BF4B-00C04F79EFBC}") = "NMSGdaService", "NMSGdaService\NMSGdaService.csproj", "{2C369FFF-8A3B-4B9C-865E-C5628121E66B}"
EndProject
Project("{FAE04EC0-301F-11D3-BF4B-00C04F79EFBC}") = "Common", "Common\Common.csproj", "{4CBFC380-1EE0-4148-B71E-5F9D9DE9879B}"
EndProject
Project("{FAE04EC0-301F-11D3-BF4B-00C04F79EFBC}") = "NMSGdaImplementation", "NMSGdaImplementation\NMSGdaImplementation.csproj", "{1005CC03-B6D2-4025-A5B4-536FF79FC2FD}"
EndProject
Project("{2150E333-8FDC-42A3-9474-1A3956D46DE8}") = "ModelLoader", "ModelLoader", "{58DEF9AD-EB33-4AD6-AE66-FBD4B5FB58C7}"
EndProject
Project("{FAE04EC0-301F-11D3-BF4B-00C04F79EFBC}") = "ModelLabsApp", "ModelLoader\ModelLabsApp\ModelLabsApp.csproj", "{3DD11384-2CC1-4EE9-9F4A-02B6FE8759C0}"
EndProject
Project("{FAE04EC0-301F-11D3-BF4B-00C04F79EFBC}") = "CIMAdapter", "ModelLoader\CIMAdapter\CIMAdapter.csproj", "{F680D34F-C148-4314-8914-B2DF3E7B17AF}"
EndProject
Project("{FAE04EC0-301F-11D3-BF4B-00C04F79EFBC}") = "CIMParser", "ModelLoader\CIMParser\CIMParser.csproj", "{3C03A41C-BE4C-40A8-97D5-5DBAC0C34102}"
EndProject
Project("{FAE04EC0-301F-11D3-BF4B-00C04F79EFBC}") = "NMSTest", "ModelLoader\NMSTest\NMSTest.csproj", "{23C118C3-7986-4294-AF34-A52C59577E64}"
EndProject
Project("{FAE04EC0-301F-11D3-BF4B-00C04F79EFBC}") = "ModelManagerService", "ModelManagerService\ModelManagerService.csproj", "{90AF591A-BBA3-4F90-B963-0E94F1222BED}"
EndProject
Project("{FAE04EC0-301F-11D3-BF4B-00C04F79EFBC}") = "ModelManagerImplementation", "ModelManagerImplementation\ModelManagerImplementation.csproj", "{D9A6E627-1724-4FF6-A23A-CA163E86910C}"
EndProject
Project("{2150E333-8FDC-42A3-9474-1A3956D46DE8}") = "TestApps", "TestApps", "{F59E20C0-4FCF-4D1E-B26E-37ECD2EF2E9A}"
EndProject
Project("{FAE04EC0-301F-11D3-BF4B-00C04F79EFBC}") = "ModelManagerTestApplication", "TestApps\ModelManagerTestApplication\ModelManagerTestApplication.csproj", "{9DE7BD53-44A5-4853-9C82-D32F7F8DC729}"
EndProject
Project("{FAE04EC0-301F-11D3-BF4B-00C04F79EFBC}") = "LoadFlowSolver", "LoadFlowSolver\LoadFlowSolver.csproj", "{167C1A45-7269-42A5-8B32-7525D6B1188F}"
EndProject
Project("{FAE04EC0-301F-11D3-BF4B-00C04F79EFBC}") = "LoadFlowManagerService", "LoadFlowManagerService\LoadFlowManagerService.csproj", "{4248B86E-53A6-4401-83BE-C402B0AC79B7}"
EndProject
Project("{FAE04EC0-301F-11D3-BF4B-00C04F79EFBC}") = "TopologyAnalyzerService", "TopologyAnalyzerService\TopologyAnalyzerService\TopologyAnalyzerService.csproj", "{9122B7FC-9A5C-443A-A132-19DA563D7845}"
EndProject
Project("{FAE04EC0-301F-11D3-BF4B-00C04F79EFBC}") = "TopologyManagerService", "TopologyManagerService\TopologyManagerService.csproj", "{EE099D3C-447C-4DC4-BFE2-7244BB1972E2}"
EndProject
Global
	GlobalSection(SolutionConfigurationPlatforms) = preSolution
		Debug|Any CPU = Debug|Any CPU
		Debug|x64 = Debug|x64
		Debug|x86 = Debug|x86
		Release|Any CPU = Release|Any CPU
		Release|x64 = Release|x64
		Release|x86 = Release|x86
	EndGlobalSection
	GlobalSection(ProjectConfigurationPlatforms) = postSolution
		{CC21752D-303D-44BF-9E8F-AB875A4FA620}.Debug|Any CPU.ActiveCfg = Debug|x64
		{CC21752D-303D-44BF-9E8F-AB875A4FA620}.Debug|x64.ActiveCfg = Debug|x64
		{CC21752D-303D-44BF-9E8F-AB875A4FA620}.Debug|x64.Build.0 = Debug|x64
		{CC21752D-303D-44BF-9E8F-AB875A4FA620}.Debug|x64.Deploy.0 = Debug|x64
		{CC21752D-303D-44BF-9E8F-AB875A4FA620}.Debug|x86.ActiveCfg = Debug|x64
		{CC21752D-303D-44BF-9E8F-AB875A4FA620}.Release|Any CPU.ActiveCfg = Release|x64
		{CC21752D-303D-44BF-9E8F-AB875A4FA620}.Release|x64.ActiveCfg = Release|x64
		{CC21752D-303D-44BF-9E8F-AB875A4FA620}.Release|x64.Build.0 = Release|x64
		{CC21752D-303D-44BF-9E8F-AB875A4FA620}.Release|x64.Deploy.0 = Release|x64
		{CC21752D-303D-44BF-9E8F-AB875A4FA620}.Release|x86.ActiveCfg = Release|x64
		{2C369FFF-8A3B-4B9C-865E-C5628121E66B}.Debug|Any CPU.ActiveCfg = Debug|x64
		{2C369FFF-8A3B-4B9C-865E-C5628121E66B}.Debug|x64.ActiveCfg = Debug|x64
		{2C369FFF-8A3B-4B9C-865E-C5628121E66B}.Debug|x64.Build.0 = Debug|x64
		{2C369FFF-8A3B-4B9C-865E-C5628121E66B}.Debug|x86.ActiveCfg = Debug|x64
		{2C369FFF-8A3B-4B9C-865E-C5628121E66B}.Release|Any CPU.ActiveCfg = Release|x64
		{2C369FFF-8A3B-4B9C-865E-C5628121E66B}.Release|x64.ActiveCfg = Release|x64
		{2C369FFF-8A3B-4B9C-865E-C5628121E66B}.Release|x64.Build.0 = Release|x64
		{2C369FFF-8A3B-4B9C-865E-C5628121E66B}.Release|x86.ActiveCfg = Release|x64
		{4CBFC380-1EE0-4148-B71E-5F9D9DE9879B}.Debug|Any CPU.ActiveCfg = Debug|Any CPU
		{4CBFC380-1EE0-4148-B71E-5F9D9DE9879B}.Debug|Any CPU.Build.0 = Debug|Any CPU
		{4CBFC380-1EE0-4148-B71E-5F9D9DE9879B}.Debug|x64.ActiveCfg = Debug|Any CPU
		{4CBFC380-1EE0-4148-B71E-5F9D9DE9879B}.Debug|x64.Build.0 = Debug|Any CPU
		{4CBFC380-1EE0-4148-B71E-5F9D9DE9879B}.Debug|x86.ActiveCfg = Debug|Any CPU
		{4CBFC380-1EE0-4148-B71E-5F9D9DE9879B}.Debug|x86.Build.0 = Debug|Any CPU
		{4CBFC380-1EE0-4148-B71E-5F9D9DE9879B}.Release|Any CPU.ActiveCfg = Release|Any CPU
		{4CBFC380-1EE0-4148-B71E-5F9D9DE9879B}.Release|Any CPU.Build.0 = Release|Any CPU
		{4CBFC380-1EE0-4148-B71E-5F9D9DE9879B}.Release|x64.ActiveCfg = Release|Any CPU
		{4CBFC380-1EE0-4148-B71E-5F9D9DE9879B}.Release|x64.Build.0 = Release|Any CPU
		{4CBFC380-1EE0-4148-B71E-5F9D9DE9879B}.Release|x86.ActiveCfg = Release|Any CPU
		{4CBFC380-1EE0-4148-B71E-5F9D9DE9879B}.Release|x86.Build.0 = Release|Any CPU
		{1005CC03-B6D2-4025-A5B4-536FF79FC2FD}.Debug|Any CPU.ActiveCfg = Debug|Any CPU
		{1005CC03-B6D2-4025-A5B4-536FF79FC2FD}.Debug|Any CPU.Build.0 = Debug|Any CPU
		{1005CC03-B6D2-4025-A5B4-536FF79FC2FD}.Debug|x64.ActiveCfg = Debug|Any CPU
		{1005CC03-B6D2-4025-A5B4-536FF79FC2FD}.Debug|x64.Build.0 = Debug|Any CPU
		{1005CC03-B6D2-4025-A5B4-536FF79FC2FD}.Debug|x86.ActiveCfg = Debug|Any CPU
		{1005CC03-B6D2-4025-A5B4-536FF79FC2FD}.Debug|x86.Build.0 = Debug|Any CPU
		{1005CC03-B6D2-4025-A5B4-536FF79FC2FD}.Release|Any CPU.ActiveCfg = Release|Any CPU
		{1005CC03-B6D2-4025-A5B4-536FF79FC2FD}.Release|Any CPU.Build.0 = Release|Any CPU
		{1005CC03-B6D2-4025-A5B4-536FF79FC2FD}.Release|x64.ActiveCfg = Release|Any CPU
		{1005CC03-B6D2-4025-A5B4-536FF79FC2FD}.Release|x64.Build.0 = Release|Any CPU
		{1005CC03-B6D2-4025-A5B4-536FF79FC2FD}.Release|x86.ActiveCfg = Release|Any CPU
		{1005CC03-B6D2-4025-A5B4-536FF79FC2FD}.Release|x86.Build.0 = Release|Any CPU
		{3DD11384-2CC1-4EE9-9F4A-02B6FE8759C0}.Debug|Any CPU.ActiveCfg = Debug|x86
		{3DD11384-2CC1-4EE9-9F4A-02B6FE8759C0}.Debug|x64.ActiveCfg = Debug|x64
		{3DD11384-2CC1-4EE9-9F4A-02B6FE8759C0}.Debug|x64.Build.0 = Debug|x64
		{3DD11384-2CC1-4EE9-9F4A-02B6FE8759C0}.Debug|x86.ActiveCfg = Debug|x86
		{3DD11384-2CC1-4EE9-9F4A-02B6FE8759C0}.Debug|x86.Build.0 = Debug|x86
		{3DD11384-2CC1-4EE9-9F4A-02B6FE8759C0}.Release|Any CPU.ActiveCfg = Release|x86
		{3DD11384-2CC1-4EE9-9F4A-02B6FE8759C0}.Release|x64.ActiveCfg = Release|x64
		{3DD11384-2CC1-4EE9-9F4A-02B6FE8759C0}.Release|x64.Build.0 = Release|x64
		{3DD11384-2CC1-4EE9-9F4A-02B6FE8759C0}.Release|x86.ActiveCfg = Release|x86
		{3DD11384-2CC1-4EE9-9F4A-02B6FE8759C0}.Release|x86.Build.0 = Release|x86
		{F680D34F-C148-4314-8914-B2DF3E7B17AF}.Debug|Any CPU.ActiveCfg = Debug|x86
		{F680D34F-C148-4314-8914-B2DF3E7B17AF}.Debug|x64.ActiveCfg = Debug|x64
		{F680D34F-C148-4314-8914-B2DF3E7B17AF}.Debug|x64.Build.0 = Debug|x64
		{F680D34F-C148-4314-8914-B2DF3E7B17AF}.Debug|x86.ActiveCfg = Debug|x86
		{F680D34F-C148-4314-8914-B2DF3E7B17AF}.Debug|x86.Build.0 = Debug|x86
		{F680D34F-C148-4314-8914-B2DF3E7B17AF}.Release|Any CPU.ActiveCfg = Release|x86
		{F680D34F-C148-4314-8914-B2DF3E7B17AF}.Release|x64.ActiveCfg = Release|x64
		{F680D34F-C148-4314-8914-B2DF3E7B17AF}.Release|x64.Build.0 = Release|x64
		{F680D34F-C148-4314-8914-B2DF3E7B17AF}.Release|x86.ActiveCfg = Release|x86
		{F680D34F-C148-4314-8914-B2DF3E7B17AF}.Release|x86.Build.0 = Release|x86
		{3C03A41C-BE4C-40A8-97D5-5DBAC0C34102}.Debug|Any CPU.ActiveCfg = Debug|x86
		{3C03A41C-BE4C-40A8-97D5-5DBAC0C34102}.Debug|x64.ActiveCfg = Debug|x64
		{3C03A41C-BE4C-40A8-97D5-5DBAC0C34102}.Debug|x64.Build.0 = Debug|x64
		{3C03A41C-BE4C-40A8-97D5-5DBAC0C34102}.Debug|x86.ActiveCfg = Debug|x86
		{3C03A41C-BE4C-40A8-97D5-5DBAC0C34102}.Debug|x86.Build.0 = Debug|x86
		{3C03A41C-BE4C-40A8-97D5-5DBAC0C34102}.Release|Any CPU.ActiveCfg = Release|x86
		{3C03A41C-BE4C-40A8-97D5-5DBAC0C34102}.Release|x64.ActiveCfg = Release|x64
		{3C03A41C-BE4C-40A8-97D5-5DBAC0C34102}.Release|x64.Build.0 = Release|x64
		{3C03A41C-BE4C-40A8-97D5-5DBAC0C34102}.Release|x86.ActiveCfg = Release|x86
		{3C03A41C-BE4C-40A8-97D5-5DBAC0C34102}.Release|x86.Build.0 = Release|x86
		{23C118C3-7986-4294-AF34-A52C59577E64}.Debug|Any CPU.ActiveCfg = Debug|Any CPU
		{23C118C3-7986-4294-AF34-A52C59577E64}.Debug|Any CPU.Build.0 = Debug|Any CPU
		{23C118C3-7986-4294-AF34-A52C59577E64}.Debug|x64.ActiveCfg = Debug|Any CPU
		{23C118C3-7986-4294-AF34-A52C59577E64}.Debug|x64.Build.0 = Debug|Any CPU
		{23C118C3-7986-4294-AF34-A52C59577E64}.Debug|x86.ActiveCfg = Debug|Any CPU
		{23C118C3-7986-4294-AF34-A52C59577E64}.Debug|x86.Build.0 = Debug|Any CPU
		{23C118C3-7986-4294-AF34-A52C59577E64}.Release|Any CPU.ActiveCfg = Release|Any CPU
		{23C118C3-7986-4294-AF34-A52C59577E64}.Release|Any CPU.Build.0 = Release|Any CPU
		{23C118C3-7986-4294-AF34-A52C59577E64}.Release|x64.ActiveCfg = Release|Any CPU
		{23C118C3-7986-4294-AF34-A52C59577E64}.Release|x64.Build.0 = Release|Any CPU
		{23C118C3-7986-4294-AF34-A52C59577E64}.Release|x86.ActiveCfg = Release|Any CPU
		{23C118C3-7986-4294-AF34-A52C59577E64}.Release|x86.Build.0 = Release|Any CPU
		{90AF591A-BBA3-4F90-B963-0E94F1222BED}.Debug|Any CPU.ActiveCfg = Debug|x64
		{90AF591A-BBA3-4F90-B963-0E94F1222BED}.Debug|x64.ActiveCfg = Debug|x64
		{90AF591A-BBA3-4F90-B963-0E94F1222BED}.Debug|x64.Build.0 = Debug|x64
		{90AF591A-BBA3-4F90-B963-0E94F1222BED}.Debug|x86.ActiveCfg = Debug|x64
		{90AF591A-BBA3-4F90-B963-0E94F1222BED}.Release|Any CPU.ActiveCfg = Release|x64
		{90AF591A-BBA3-4F90-B963-0E94F1222BED}.Release|x64.ActiveCfg = Release|x64
		{90AF591A-BBA3-4F90-B963-0E94F1222BED}.Release|x64.Build.0 = Release|x64
		{90AF591A-BBA3-4F90-B963-0E94F1222BED}.Release|x86.ActiveCfg = Release|x64
		{D9A6E627-1724-4FF6-A23A-CA163E86910C}.Debug|Any CPU.ActiveCfg = Debug|Any CPU
		{D9A6E627-1724-4FF6-A23A-CA163E86910C}.Debug|Any CPU.Build.0 = Debug|Any CPU
		{D9A6E627-1724-4FF6-A23A-CA163E86910C}.Debug|x64.ActiveCfg = Debug|Any CPU
		{D9A6E627-1724-4FF6-A23A-CA163E86910C}.Debug|x64.Build.0 = Debug|Any CPU
		{D9A6E627-1724-4FF6-A23A-CA163E86910C}.Debug|x86.ActiveCfg = Debug|Any CPU
		{D9A6E627-1724-4FF6-A23A-CA163E86910C}.Debug|x86.Build.0 = Debug|Any CPU
		{D9A6E627-1724-4FF6-A23A-CA163E86910C}.Release|Any CPU.ActiveCfg = Release|Any CPU
		{D9A6E627-1724-4FF6-A23A-CA163E86910C}.Release|Any CPU.Build.0 = Release|Any CPU
		{D9A6E627-1724-4FF6-A23A-CA163E86910C}.Release|x64.ActiveCfg = Release|Any CPU
		{D9A6E627-1724-4FF6-A23A-CA163E86910C}.Release|x64.Build.0 = Release|Any CPU
		{D9A6E627-1724-4FF6-A23A-CA163E86910C}.Release|x86.ActiveCfg = Release|Any CPU
		{D9A6E627-1724-4FF6-A23A-CA163E86910C}.Release|x86.Build.0 = Release|Any CPU
		{9DE7BD53-44A5-4853-9C82-D32F7F8DC729}.Debug|Any CPU.ActiveCfg = Debug|Any CPU
		{9DE7BD53-44A5-4853-9C82-D32F7F8DC729}.Debug|Any CPU.Build.0 = Debug|Any CPU
		{9DE7BD53-44A5-4853-9C82-D32F7F8DC729}.Debug|x64.ActiveCfg = Debug|Any CPU
		{9DE7BD53-44A5-4853-9C82-D32F7F8DC729}.Debug|x64.Build.0 = Debug|Any CPU
		{9DE7BD53-44A5-4853-9C82-D32F7F8DC729}.Debug|x86.ActiveCfg = Debug|Any CPU
		{9DE7BD53-44A5-4853-9C82-D32F7F8DC729}.Debug|x86.Build.0 = Debug|Any CPU
		{9DE7BD53-44A5-4853-9C82-D32F7F8DC729}.Release|Any CPU.ActiveCfg = Release|Any CPU
		{9DE7BD53-44A5-4853-9C82-D32F7F8DC729}.Release|Any CPU.Build.0 = Release|Any CPU
		{9DE7BD53-44A5-4853-9C82-D32F7F8DC729}.Release|x64.ActiveCfg = Release|Any CPU
		{9DE7BD53-44A5-4853-9C82-D32F7F8DC729}.Release|x64.Build.0 = Release|Any CPU
		{9DE7BD53-44A5-4853-9C82-D32F7F8DC729}.Release|x86.ActiveCfg = Release|Any CPU
		{9DE7BD53-44A5-4853-9C82-D32F7F8DC729}.Release|x86.Build.0 = Release|Any CPU
		{167C1A45-7269-42A5-8B32-7525D6B1188F}.Debug|Any CPU.ActiveCfg = Debug|x64
		{167C1A45-7269-42A5-8B32-7525D6B1188F}.Debug|x64.ActiveCfg = Debug|x64
		{167C1A45-7269-42A5-8B32-7525D6B1188F}.Debug|x64.Build.0 = Debug|x64
		{167C1A45-7269-42A5-8B32-7525D6B1188F}.Debug|x86.ActiveCfg = Debug|x64
		{167C1A45-7269-42A5-8B32-7525D6B1188F}.Release|Any CPU.ActiveCfg = Release|x64
		{167C1A45-7269-42A5-8B32-7525D6B1188F}.Release|x64.ActiveCfg = Release|x64
		{167C1A45-7269-42A5-8B32-7525D6B1188F}.Release|x64.Build.0 = Release|x64
		{167C1A45-7269-42A5-8B32-7525D6B1188F}.Release|x86.ActiveCfg = Release|x64
		{4248B86E-53A6-4401-83BE-C402B0AC79B7}.Debug|Any CPU.ActiveCfg = Debug|x64
		{4248B86E-53A6-4401-83BE-C402B0AC79B7}.Debug|x64.ActiveCfg = Debug|x64
		{4248B86E-53A6-4401-83BE-C402B0AC79B7}.Debug|x64.Build.0 = Debug|x64
		{4248B86E-53A6-4401-83BE-C402B0AC79B7}.Debug|x86.ActiveCfg = Debug|x64
		{4248B86E-53A6-4401-83BE-C402B0AC79B7}.Release|Any CPU.ActiveCfg = Release|x64
		{4248B86E-53A6-4401-83BE-C402B0AC79B7}.Release|x64.ActiveCfg = Release|x64
		{4248B86E-53A6-4401-83BE-C402B0AC79B7}.Release|x64.Build.0 = Release|x64
		{4248B86E-53A6-4401-83BE-C402B0AC79B7}.Release|x86.ActiveCfg = Release|x64
		{9122B7FC-9A5C-443A-A132-19DA563D7845}.Debug|Any CPU.ActiveCfg = Debug|x64
		{9122B7FC-9A5C-443A-A132-19DA563D7845}.Debug|x64.ActiveCfg = Debug|x64
		{9122B7FC-9A5C-443A-A132-19DA563D7845}.Debug|x64.Build.0 = Debug|x64
		{9122B7FC-9A5C-443A-A132-19DA563D7845}.Debug|x86.ActiveCfg = Debug|x64
		{9122B7FC-9A5C-443A-A132-19DA563D7845}.Release|Any CPU.ActiveCfg = Release|x64
		{9122B7FC-9A5C-443A-A132-19DA563D7845}.Release|x64.ActiveCfg = Release|x64
		{9122B7FC-9A5C-443A-A132-19DA563D7845}.Release|x64.Build.0 = Release|x64
		{9122B7FC-9A5C-443A-A132-19DA563D7845}.Release|x86.ActiveCfg = Release|x64
		{EE099D3C-447C-4DC4-BFE2-7244BB1972E2}.Debug|Any CPU.ActiveCfg = Debug|x64
		{EE099D3C-447C-4DC4-BFE2-7244BB1972E2}.Debug|x64.ActiveCfg = Debug|x64
		{EE099D3C-447C-4DC4-BFE2-7244BB1972E2}.Debug|x64.Build.0 = Debug|x64
		{EE099D3C-447C-4DC4-BFE2-7244BB1972E2}.Debug|x86.ActiveCfg = Debug|x64
		{EE099D3C-447C-4DC4-BFE2-7244BB1972E2}.Release|Any CPU.ActiveCfg = Release|x64
		{EE099D3C-447C-4DC4-BFE2-7244BB1972E2}.Release|x64.ActiveCfg = Release|x64
		{EE099D3C-447C-4DC4-BFE2-7244BB1972E2}.Release|x64.Build.0 = Release|x64
		{EE099D3C-447C-4DC4-BFE2-7244BB1972E2}.Release|x86.ActiveCfg = Release|x64
	EndGlobalSection
	GlobalSection(SolutionProperties) = preSolution
		HideSolutionNode = FALSE
	EndGlobalSection
	GlobalSection(NestedProjects) = preSolution
		{3DD11384-2CC1-4EE9-9F4A-02B6FE8759C0} = {58DEF9AD-EB33-4AD6-AE66-FBD4B5FB58C7}
		{F680D34F-C148-4314-8914-B2DF3E7B17AF} = {58DEF9AD-EB33-4AD6-AE66-FBD4B5FB58C7}
		{3C03A41C-BE4C-40A8-97D5-5DBAC0C34102} = {58DEF9AD-EB33-4AD6-AE66-FBD4B5FB58C7}
		{23C118C3-7986-4294-AF34-A52C59577E64} = {58DEF9AD-EB33-4AD6-AE66-FBD4B5FB58C7}
		{9DE7BD53-44A5-4853-9C82-D32F7F8DC729} = {F59E20C0-4FCF-4D1E-B26E-37ECD2EF2E9A}
	EndGlobalSection
	GlobalSection(ExtensibilityGlobals) = postSolution
		SolutionGuid = {4FBAB53A-12F3-47E7-8BD9-162AB9F48268}
	EndGlobalSection
EndGlobal
